PODS:
  - Capacitor (6.1.1):
    - CapacitorCordova
  - CapacitorCamera (6.0.1):
    - Capacitor
  - CapacitorCordova (6.1.1)
  - CapacitorShare (6.0.1):
    - Capacitor

DEPENDENCIES:
  - "Capacitor (from `../../node_modules/@capacitor/ios`)"
  - "CapacitorCamera (from `../../node_modules/@capacitor/camera`)"
  - "CapacitorCordova (from `../../node_modules/@capacitor/ios`)"
  - "CapacitorShare (from `../../node_modules/@capacitor/share`)"

EXTERNAL SOURCES:
  Capacitor:
    :path: "../../node_modules/@capacitor/ios"
  CapacitorCamera:
    :path: "../../node_modules/@capacitor/camera"
  CapacitorCordova:
    :path: "../../node_modules/@capacitor/ios"
  CapacitorShare:
    :path: "../../node_modules/@capacitor/share"

SPEC CHECKSUMS:
  Capacitor: 8941aba4364ba9d1b22188569001f2ce45cc2b00
  CapacitorCamera: 3b77b3e8311b98220de65e63445c0e4d0b30ce3a
  CapacitorCordova: 8f2cc8d8d3619c566e9418fe8772064a94266106
  CapacitorShare: 02222f2457ff003e642370a9c1ecd101baaa27c8

PODFILE CHECKSUM: 95826fa3cf1b7e11a2030321ad1254a9ddda8b97

COCOAPODS: 1.14.3
